
Microsoft Visual Studio Solution File, Format Version 12.00
# Visual Studio Version 17
VisualStudioVersion = 17.0.32112.339
MinimumVisualStudioVersion = 10.0.40219.1
Project("{9A19103F-16F7-4668-BE54-9A1E7A4F7556}") = "lngCollector", "lngCollector\lngCollector.csproj", "{BCC02B3D-9385-42D7-B736-BDD20B02C75D}"
EndProject
Project("{9A19103F-16F7-4668-BE54-9A1E7A4F7556}") = "lngCollector.Model", "lngCollector.Model\lngCollector.Model.csproj", "{7686BCBB-E608-4C59-8A2A-20A71127F1C9}"
EndProject
Project("{9A19103F-16F7-4668-BE54-9A1E7A4F7556}") = "lngCollector.Services", "lngCollector.Services\lngCollector.Services.csproj", "{D32AF8AD-DD43-45A4-9722-59BA5E256624}"
EndProject
Project("{9A19103F-16F7-4668-BE54-9A1E7A4F7556}") = "lngCollector.Tools", "lngCollector.Tools\lngCollector.Tools.csproj", "{68668E18-D518-452A-A389-13F575913689}"
EndProject
Project("{9A19103F-16F7-4668-BE54-9A1E7A4F7556}") = "lngCollector.Console", "lngCollector.Console\lngCollector.Console.csproj", "{93AD562A-0894-42BB-ADEA-4B1A9ABA7B9B}"
EndProject
Global
	GlobalSection(SolutionConfigurationPlatforms) = preSolution
		Debug|Any CPU = Debug|Any CPU
		Release|Any CPU = Release|Any CPU
	EndGlobalSection
	GlobalSection(ProjectConfigurationPlatforms) = postSolution
		{BCC02B3D-9385-42D7-B736-BDD20B02C75D}.Debug|Any CPU.ActiveCfg = Debug|Any CPU
		{BCC02B3D-9385-42D7-B736-BDD20B02C75D}.Debug|Any CPU.Build.0 = Debug|Any CPU
		{BCC02B3D-9385-42D7-B736-BDD20B02C75D}.Release|Any CPU.ActiveCfg = Release|Any CPU
		{BCC02B3D-9385-42D7-B736-BDD20B02C75D}.Release|Any CPU.Build.0 = Release|Any CPU
		{7686BCBB-E608-4C59-8A2A-20A71127F1C9}.Debug|Any CPU.ActiveCfg = Debug|Any CPU
		{7686BCBB-E608-4C59-8A2A-20A71127F1C9}.Debug|Any CPU.Build.0 = Debug|Any CPU
		{7686BCBB-E608-4C59-8A2A-20A71127F1C9}.Release|Any CPU.ActiveCfg = Release|Any CPU
		{7686BCBB-E608-4C59-8A2A-20A71127F1C9}.Release|Any CPU.Build.0 = Release|Any CPU
		{D32AF8AD-DD43-45A4-9722-59BA5E256624}.Debug|Any CPU.ActiveCfg = Debug|Any CPU
		{D32AF8AD-DD43-45A4-9722-59BA5E256624}.Debug|Any CPU.Build.0 = Debug|Any CPU
		{D32AF8AD-DD43-45A4-9722-59BA5E256624}.Release|Any CPU.ActiveCfg = Release|Any CPU
		{D32AF8AD-DD43-45A4-9722-59BA5E256624}.Release|Any CPU.Build.0 = Release|Any CPU
		{68668E18-D518-452A-A389-13F575913689}.Debug|Any CPU.ActiveCfg = Debug|Any CPU
		{68668E18-D518-452A-A389-13F575913689}.Debug|Any CPU.Build.0 = Debug|Any CPU
		{68668E18-D518-452A-A389-13F575913689}.Release|Any CPU.ActiveCfg = Release|Any CPU
		{68668E18-D518-452A-A389-13F575913689}.Release|Any CPU.Build.0 = Release|Any CPU
		{93AD562A-0894-42BB-ADEA-4B1A9ABA7B9B}.Debug|Any CPU.ActiveCfg = Debug|Any CPU
		{93AD562A-0894-42BB-ADEA-4B1A9ABA7B9B}.Debug|Any CPU.Build.0 = Debug|Any CPU
		{93AD562A-0894-42BB-ADEA-4B1A9ABA7B9B}.Release|Any CPU.ActiveCfg = Release|Any CPU
		{93AD562A-0894-42BB-ADEA-4B1A9ABA7B9B}.Release|Any CPU.Build.0 = Release|Any CPU
	EndGlobalSection
	GlobalSection(SolutionProperties) = preSolution
		HideSolutionNode = FALSE
	EndGlobalSection
	GlobalSection(ExtensibilityGlobals) = postSolution
		SolutionGuid = {832A9B57-4A37-4E48-9529-37A28C5EE3DA}
	EndGlobalSection
EndGlobal
